Microsoft Visual Studio Solution File, Format Version 10.00
# Visual Studio 2008
Project("{FAE04EC0-301F-11D3-BF4B-00C04F79EFBC}") = "SilverlightApplication86", "SilverlightApplication86\SilverlightApplication86.csproj", "{6CD80073-8C23-4486-B349-7F3D9ADBBC9A}"
EndProject
Global
	GlobalSection(SolutionConfigurationPlatforms) = preSolution
		Debug|Any CPU = Debug|Any CPU
		Release|Any CPU = Release|Any CPU
	EndGlobalSection
	GlobalSection(ProjectConfigurationPlatforms) = postSolution
		{6CD80073-8C23-4486-B349-7F3D9ADBBC9A}.Debug|Any CPU.ActiveCfg = Debug|Any CPU
		{6CD80073-8C23-4486-B349-7F3D9ADBBC9A}.Debug|Any CPU.Build.0 = Debug|Any CPU
		{6CD80073-8C23-4486-B349-7F3D9ADBBC9A}.Release|Any CPU.ActiveCfg = Release|Any CPU
		{6CD80073-8C23-4486-B349-7F3D9ADBBC9A}.Release|Any CPU.Build.0 = Release|Any CPU
	EndGlobalSection
	GlobalSection(SolutionProperties) = preSolution
		HideSolutionNode = FALSE
	EndGlobalSection
EndGlobal
